
Microsoft Visual Studio Solution File, Format Version 12.00
# Visual Studio Version 17
VisualStudioVersion = 17.14.36511.14 d17.14
MinimumVisualStudioVersion = 10.0.40219.1
Project("{FAE04EC0-301F-11D3-BF4B-00C04F79EFBC}") = "EMNDC.Preposicionamiento", "EMNDC.Preposicionamiento\EMNDC.Preposicionamiento.csproj", "{359CD14A-FE68-4EBB-B186-62559FEEC89D}"
EndProject
Global
	GlobalSection(SolutionConfigurationPlatforms) = preSolution
		Debug|Any CPU = Debug|Any CPU
		Release|Any CPU = Release|Any CPU
	EndGlobalSection
	GlobalSection(ProjectConfigurationPlatforms) = postSolution
		{359CD14A-FE68-4EBB-B186-62559FEEC89D}.Debug|Any CPU.ActiveCfg = Debug|Any CPU
		{359CD14A-FE68-4EBB-B186-62559FEEC89D}.Debug|Any CPU.Build.0 = Debug|Any CPU
		{359CD14A-FE68-4EBB-B186-62559FEEC89D}.Release|Any CPU.ActiveCfg = Release|Any CPU
		{359CD14A-FE68-4EBB-B186-62559FEEC89D}.Release|Any CPU.Build.0 = Release|Any CPU
	EndGlobalSection
	GlobalSection(SolutionProperties) = preSolution
		HideSolutionNode = FALSE
	EndGlobalSection
	GlobalSection(ExtensibilityGlobals) = postSolution
		SolutionGuid = {DB8A75CB-80B8-4894-B1E2-05479DC3C8BA}
	EndGlobalSection
EndGlobal
